// !$*UTF8*$!
{
	archiveVersion = 1;
	classes = {
	};
	objectVersion = 46;
	objects = {

/* Begin PBXBuildFile section */
		12C72CB21E4065AE00578026 /* main.m in Sources */ = {isa = PBXBuildFile; fileRef = 12C72CB11E4065AE00578026 /* main.m */; };
		12C72CB51E4065AE00578026 /* AppDelegate.m in Sources */ = {isa = PBXBuildFile; fileRef = 12C72CB41E4065AE00578026 /* AppDelegate.m */; };
		12C72CC31E4065AE00578026 /* Assets.xcassets in Resources */ = {isa = PBXBuildFile; fileRef = 12C72CC21E4065AE00578026 /* Assets.xcassets */; };
		12C72CD11E4065AE00578026 /* SurveyTests.m in Sources */ = {isa = PBXBuildFile; fileRef = 12C72CD01E4065AE00578026 /* SurveyTests.m */; };
		12C72CDE1E40962A00578026 /* SurveyViewController.m in Sources */ = {isa = PBXBuildFile; fileRef = 12C72CDD1E40962A00578026 /* SurveyViewController.m */; };
		12C72CE11E4099E000578026 /* Model.xcdatamodeld in Sources */ = {isa = PBXBuildFile; fileRef = 12C72CDF1E4099E000578026 /* Model.xcdatamodeld */; };
		12C72D011E40DC5A00578026 /* Survey+CoreDataClass.m in Sources */ = {isa = PBXBuildFile; fileRef = 12C72CFA1E40DC5A00578026 /* Survey+CoreDataClass.m */; };
		12C72D021E40DC5A00578026 /* Survey+CoreDataProperties.m in Sources */ = {isa = PBXBuildFile; fileRef = 12C72CFC1E40DC5A00578026 /* Survey+CoreDataProperties.m */; };
		12C72D031E40DC5A00578026 /* User+CoreDataClass.m in Sources */ = {isa = PBXBuildFile; fileRef = 12C72CFE1E40DC5A00578026 /* User+CoreDataClass.m */; };
		12C72D041E40DC5A00578026 /* User+CoreDataProperties.m in Sources */ = {isa = PBXBuildFile; fileRef = 12C72D001E40DC5A00578026 /* User+CoreDataProperties.m */; };
		B102E33BE2715FED5717BBE3 /* libPods-Survey.a in Frameworks */ = {isa = PBXBuildFile; fileRef = 4C27D9B46839BB27E4BB255A /* libPods-Survey.a */; };
/* End PBXBuildFile section */

/* Begin PBXContainerItemProxy section */
		12C72CCD1E4065AE00578026 /* PBXContainerItemProxy */ = {
			isa = PBXContainerItemProxy;
			containerPortal = 12C72CA51E4065AE00578026 /* Project object */;
			proxyType = 1;
			remoteGlobalIDString = 12C72CAC1E4065AE00578026;
			remoteInfo = Survey;
		};
/* End PBXContainerItemProxy section */

/* Begin PBXFileReference section */
		112C1851A0C86A4080ABD02A /* Pods-Survey.debug.xcconfig */ = {isa = PBXFileReference; includeInIndex = 1; lastKnownFileType = text.xcconfig; name = "Pods-Survey.debug.xcconfig"; path = "Pods/Target Support Files/Pods-Survey/Pods-Survey.debug.xcconfig"; sourceTree = "<group>"; };
		12C72CAD1E4065AE00578026 /* Survey.app */ = {isa = PBXFileReference; explicitFileType = wrapper.application; includeInIndex = 0; path = Survey.app; sourceTree = BUILT_PRODUCTS_DIR; };
		12C72CB11E4065AE00578026 /* main.m */ = {isa = PBXFileReference; lastKnownFileType = sourcecode.c.objc; path = main.m; sourceTree = "<group>"; };
		12C72CB31E4065AE00578026 /* AppDelegate.h */ = {isa = PBXFileReference; lastKnownFileType = sourcecode.c.h; path = AppDelegate.h; sourceTree = "<group>"; };
		12C72CB41E4065AE00578026 /* AppDelegate.m */ = {isa = PBXFileReference; lastKnownFileType = sourcecode.c.objc; path = AppDelegate.m; sourceTree = "<group>"; };
		12C72CC21E4065AE00578026 /* Assets.xcassets */ = {isa = PBXFileReference; lastKnownFileType = folder.assetcatalog; path = Assets.xcassets; sourceTree = "<group>"; };
		12C72CC71E4065AE00578026 /* Info.plist */ = {isa = PBXFileReference; lastKnownFileType = text.plist.xml; path = Info.plist; sourceTree = "<group>"; };
		12C72CCC1E4065AE00578026 /* SurveyTests.xctest */ = {isa = PBXFileReference; explicitFileType = wrapper.cfbundle; includeInIndex = 0; path = SurveyTests.xctest; sourceTree = BUILT_PRODUCTS_DIR; };
		12C72CD01E4065AE00578026 /* SurveyTests.m */ = {isa = PBXFileReference; lastKnownFileType = sourcecode.c.objc; path = SurveyTests.m; sourceTree = "<group>"; };
		12C72CD21E4065AE00578026 /* Info.plist */ = {isa = PBXFileReference; lastKnownFileType = text.plist.xml; path = Info.plist; sourceTree = "<group>"; };
		12C72CDC1E40962A00578026 /* SurveyViewController.h */ = {isa = PBXFileReference; fileEncoding = 4; lastKnownFileType = sourcecode.c.h; path = SurveyViewController.h; sourceTree = "<group>"; };
		12C72CDD1E40962A00578026 /* SurveyViewController.m */ = {isa = PBXFileReference; fileEncoding = 4; lastKnownFileType = sourcecode.c.objc; path = SurveyViewController.m; sourceTree = "<group>"; };
		12C72CE01E4099E000578026 /* Model.xcdatamodel */ = {isa = PBXFileReference; lastKnownFileType = wrapper.xcdatamodel; path = Model.xcdatamodel; sourceTree = "<group>"; };
		12C72CE21E40A5E900578026 /* AppCommon.h */ = {isa = PBXFileReference; lastKnownFileType = sourcecode.c.h; path = AppCommon.h; sourceTree = "<group>"; };
		12C72CE31E40A63600578026 /* PrefixHeader.pch */ = {isa = PBXFileReference; lastKnownFileType = sourcecode.c.h; path = PrefixHeader.pch; sourceTree = "<group>"; };
		12C72CE41E40A7D300578026 /* libAFNetworking.a */ = {isa = PBXFileReference; lastKnownFileType = archive.ar; name = libAFNetworking.a; path = "../../Library/Developer/Xcode/DerivedData/Survey-dlnphzuxosiwescvvmndklghcozl/Build/Products/Debug-iphonesimulator/AFNetworking/libAFNetworking.a"; sourceTree = "<group>"; };
		12C72CF91E40DC5A00578026 /* Survey+CoreDataClass.h */ = {isa = PBXFileReference; fileEncoding = 4; lastKnownFileType = sourcecode.c.h; name = "Survey+CoreDataClass.h"; path = "DataModel/Survey+CoreDataClass.h"; sourceTree = "<group>"; };
		12C72CFA1E40DC5A00578026 /* Survey+CoreDataClass.m */ = {isa = PBXFileReference; fileEncoding = 4; lastKnownFileType = sourcecode.c.objc; name = "Survey+CoreDataClass.m"; path = "DataModel/Survey+CoreDataClass.m"; sourceTree = "<group>"; };
		12C72CFB1E40DC5A00578026 /* Survey+CoreDataProperties.h */ = {isa = PBXFileReference; fileEncoding = 4; lastKnownFileType = sourcecode.c.h; name = "Survey+CoreDataProperties.h"; path = "DataModel/Survey+CoreDataProperties.h"; sourceTree = "<group>"; };
		12C72CFC1E40DC5A00578026 /* Survey+CoreDataProperties.m */ = {isa = PBXFileReference; fileEncoding = 4; lastKnownFileType = sourcecode.c.objc; name = "Survey+CoreDataProperties.m"; path = "DataModel/Survey+CoreDataProperties.m"; sourceTree = "<group>"; };
		12C72CFD1E40DC5A00578026 /* User+CoreDataClass.h */ = {isa = PBXFileReference; fileEncoding = 4; lastKnownFileType = sourcecode.c.h; name = "User+CoreDataClass.h"; path = "DataModel/User+CoreDataClass.h"; sourceTree = "<group>"; };
		12C72CFE1E40DC5A00578026 /* User+CoreDataClass.m */ = {isa = PBXFileReference; fileEncoding = 4; lastKnownFileType = sourcecode.c.objc; name = "User+CoreDataClass.m"; path = "DataModel/User+CoreDataClass.m"; sourceTree = "<group>"; };
		12C72CFF1E40DC5A00578026 /* User+CoreDataProperties.h */ = {isa = PBXFileReference; fileEncoding = 4; lastKnownFileType = sourcecode.c.h; name = "User+CoreDataProperties.h"; path = "DataModel/User+CoreDataProperties.h"; sourceTree = "<group>"; };
		12C72D001E40DC5A00578026 /* User+CoreDataProperties.m */ = {isa = PBXFileReference; fileEncoding = 4; lastKnownFileType = sourcecode.c.objc; name = "User+CoreDataProperties.m"; path = "DataModel/User+CoreDataProperties.m"; sourceTree = "<group>"; };
		4C27D9B46839BB27E4BB255A /* libPods-Survey.a */ = {isa = PBXFileReference; explicitFileType = archive.ar; includeInIndex = 0; path = "libPods-Survey.a"; sourceTree = BUILT_PRODUCTS_DIR; };
		A7FE636339024A65D6AAC03B /* Pods-Survey.release.xcconfig */ = {isa = PBXFileReference; includeInIndex = 1; lastKnownFileType = text.xcconfig; name = "Pods-Survey.release.xcconfig"; path = "Pods/Target Support Files/Pods-Survey/Pods-Survey.release.xcconfig"; sourceTree = "<group>"; };
/* End PBXFileReference section */

/* Begin PBXFrameworksBuildPhase section */
		12C72CAA1E4065AE00578026 /* Frameworks */ = {
			isa = PBXFrameworksBuildPhase;
			buildActionMask = 2147483647;
			files = (
				B102E33BE2715FED5717BBE3 /* libPods-Survey.a in Frameworks */,
			);
			runOnlyForDeploymentPostprocessing = 0;
		};
		12C72CC91E4065AE00578026 /* Frameworks */ = {
			isa = PBXFrameworksBuildPhase;
			buildActionMask = 2147483647;
			files = (
			);
			runOnlyForDeploymentPostprocessing = 0;
		};
/* End PBXFrameworksBuildPhase section */

/* Begin PBXGroup section */
		12C72CA41E4065AE00578026 = {
			isa = PBXGroup;
			children = (
				12C72CAF1E4065AE00578026 /* Survey */,
				12C72CCF1E4065AE00578026 /* SurveyTests */,
				12C72CAE1E4065AE00578026 /* Products */,
				9B344D48B3D10099B40AC55E /* Pods */,
				C0738AD1FFD4BB03C07238B8 /* Frameworks */,
			);
			sourceTree = "<group>";
		};
		12C72CAE1E4065AE00578026 /* Products */ = {
			isa = PBXGroup;
			children = (
				12C72CAD1E4065AE00578026 /* Survey.app */,
				12C72CCC1E4065AE00578026 /* SurveyTests.xctest */,
			);
			name = Products;
			sourceTree = "<group>";
		};
		12C72CAF1E4065AE00578026 /* Survey */ = {
			isa = PBXGroup;
			children = (
				12C72CE81E40DA9F00578026 /* DataModel */,
				12C72CDB1E4095AD00578026 /* Common */,
				12C72CB31E4065AE00578026 /* AppDelegate.h */,
				12C72CB41E4065AE00578026 /* AppDelegate.m */,
				12C72CDC1E40962A00578026 /* SurveyViewController.h */,
				12C72CDD1E40962A00578026 /* SurveyViewController.m */,
				12C72CC21E4065AE00578026 /* Assets.xcassets */,
				12C72CC71E4065AE00578026 /* Info.plist */,
				12C72CB01E4065AE00578026 /* Supporting Files */,
				12C72CDF1E4099E000578026 /* Model.xcdatamodeld */,
			);
			path = Survey;
			sourceTree = "<group>";
		};
		12C72CB01E4065AE00578026 /* Supporting Files */ = {
			isa = PBXGroup;
			children = (
				12C72CB11E4065AE00578026 /* main.m */,
				12C72CE31E40A63600578026 /* PrefixHeader.pch */,
			);
			name = "Supporting Files";
			sourceTree = "<group>";
		};
		12C72CCF1E4065AE00578026 /* SurveyTests */ = {
			isa = PBXGroup;
			children = (
				12C72CD01E4065AE00578026 /* SurveyTests.m */,
				12C72CD21E4065AE00578026 /* Info.plist */,
			);
			path = SurveyTests;
			sourceTree = "<group>";
		};
		12C72CDB1E4095AD00578026 /* Common */ = {
			isa = PBXGroup;
			children = (
				12C72CE21E40A5E900578026 /* AppCommon.h */,
			);
			name = Common;
			sourceTree = "<group>";
		};
		12C72CE81E40DA9F00578026 /* DataModel */ = {
			isa = PBXGroup;
			children = (
				12C72CF91E40DC5A00578026 /* Survey+CoreDataClass.h */,
				12C72CFA1E40DC5A00578026 /* Survey+CoreDataClass.m */,
				12C72CFB1E40DC5A00578026 /* Survey+CoreDataProperties.h */,
				12C72CFC1E40DC5A00578026 /* Survey+CoreDataProperties.m */,
				12C72CFD1E40DC5A00578026 /* User+CoreDataClass.h */,
				12C72CFE1E40DC5A00578026 /* User+CoreDataClass.m */,
				12C72CFF1E40DC5A00578026 /* User+CoreDataProperties.h */,
				12C72D001E40DC5A00578026 /* User+CoreDataProperties.m */,
			);
			name = DataModel;
			sourceTree = "<group>";
		};
		9B344D48B3D10099B40AC55E /* Pods */ = {
			isa = PBXGroup;
			children = (
				112C1851A0C86A4080ABD02A /* Pods-Survey.debug.xcconfig */,
				A7FE636339024A65D6AAC03B /* Pods-Survey.release.xcconfig */,
			);
			name = Pods;
			sourceTree = "<group>";
		};
		C0738AD1FFD4BB03C07238B8 /* Frameworks */ = {
			isa = PBXGroup;
			children = (
				12C72CE41E40A7D300578026 /* libAFNetworking.a */,
				4C27D9B46839BB27E4BB255A /* libPods-Survey.a */,
			);
			name = Frameworks;
			sourceTree = "<group>";
		};
/* End PBXGroup section */

/* Begin PBXNativeTarget section */
		12C72CAC1E4065AE00578026 /* Survey */ = {
			isa = PBXNativeTarget;
			buildConfigurationList = 12C72CD51E4065AE00578026 /* Build configuration list for PBXNativeTarget "Survey" */;
			buildPhases = (
				D725B76CAFCF6F88E4F5B3DB /* [CP] Check Pods Manifest.lock */,
				12C72CA91E4065AE00578026 /* Sources */,
				12C72CAA1E4065AE00578026 /* Frameworks */,
				12C72CAB1E4065AE00578026 /* Resources */,
				EA3E119DD584249B3D3D6723 /* [CP] Embed Pods Frameworks */,
				D3CE5B5C1A7F289D7CF87169 /* [CP] Copy Pods Resources */,
			);
			buildRules = (
			);
			dependencies = (
			);
			name = Survey;
			productName = Survey;
			productReference = 12C72CAD1E4065AE00578026 /* Survey.app */;
			productType = "com.apple.product-type.application";
		};
		12C72CCB1E4065AE00578026 /* SurveyTests */ = {
			isa = PBXNativeTarget;
			buildConfigurationList = 12C72CD81E4065AE00578026 /* Build configuration list for PBXNativeTarget "SurveyTests" */;
			buildPhases = (
				12C72CC81E4065AE00578026 /* Sources */,
				12C72CC91E4065AE00578026 /* Frameworks */,
				12C72CCA1E4065AE00578026 /* Resources */,
			);
			buildRules = (
			);
			dependencies = (
				12C72CCE1E4065AE00578026 /* PBXTargetDependency */,
			);
			name = SurveyTests;
			productName = SurveyTests;
			productReference = 12C72CCC1E4065AE00578026 /* SurveyTests.xctest */;
			productType = "com.apple.product-type.bundle.unit-test";
		};
/* End PBXNativeTarget section */

/* Begin PBXProject section */
		12C72CA51E4065AE00578026 /* Project object */ = {
			isa = PBXProject;
			attributes = {
				LastUpgradeCheck = 0820;
				ORGANIZATIONNAME = "Keerthi Shekar G";
				TargetAttributes = {
					12C72CAC1E4065AE00578026 = {
						CreatedOnToolsVersion = 8.2.1;
						LastSwiftMigration = 0820;
						ProvisioningStyle = Automatic;
					};
					12C72CCB1E4065AE00578026 = {
						CreatedOnToolsVersion = 8.2.1;
						LastSwiftMigration = 0820;
						ProvisioningStyle = Automatic;
						TestTargetID = 12C72CAC1E4065AE00578026;
					};
				};
			};
			buildConfigurationList = 12C72CA81E4065AE00578026 /* Build configuration list for PBXProject "Survey" */;
			compatibilityVersion = "Xcode 3.2";
			developmentRegion = English;
			hasScannedForEncodings = 0;
			knownRegions = (
				en,
				Base,
			);
			mainGroup = 12C72CA41E4065AE00578026;
			productRefGroup = 12C72CAE1E4065AE00578026 /* Products */;
			projectDirPath = "";
			projectRoot = "";
			targets = (
				12C72CAC1E4065AE00578026 /* Survey */,
				12C72CCB1E4065AE00578026 /* SurveyTests */,
			);
		};
/* End PBXProject section */

/* Begin PBXResourcesBuildPhase section */
		12C72CAB1E4065AE00578026 /* Resources */ = {
			isa = PBXResourcesBuildPhase;
			buildActionMask = 2147483647;
			files = (
				12C72CC31E4065AE00578026 /* Assets.xcassets in Resources */,
			);
			runOnlyForDeploymentPostprocessing = 0;
		};
		12C72CCA1E4065AE00578026 /* Resources */ = {
			isa = PBXResourcesBuildPhase;
			buildActionMask = 2147483647;
			files = (
			);
			runOnlyForDeploymentPostprocessing = 0;
		};
/* End PBXResourcesBuildPhase section */

/* Begin PBXShellScriptBuildPhase section */
		D3CE5B5C1A7F289D7CF87169 /* [CP] Copy Pods Resources */ = {
			isa = PBXShellScriptBuildPhase;
			buildActionMask = 2147483647;
			files = (
			);
			inputPaths = (
			);
			name = "[CP] Copy Pods Resources";
			outputPaths = (
			);
			runOnlyForDeploymentPostprocessing = 0;
			shellPath = /bin/sh;
			shellScript = "\"${SRCROOT}/Pods/Target Support Files/Pods-Survey/Pods-Survey-resources.sh\"\n";
			showEnvVarsInLog = 0;
		};
		D725B76CAFCF6F88E4F5B3DB /* [CP] Check Pods Manifest.lock */ = {
			isa = PBXShellScriptBuildPhase;
			buildActionMask = 2147483647;
			files = (
			);
			inputPaths = (
			);
			name = "[CP] Check Pods Manifest.lock";
			outputPaths = (
			);
			runOnlyForDeploymentPostprocessing = 0;
			shellPath = /bin/sh;
			shellScript = "diff \"${PODS_ROOT}/../Podfile.lock\" \"${PODS_ROOT}/Manifest.lock\" > /dev/null\nif [ $? != 0 ] ; then\n    # print error to STDERR\n    echo \"error: The sandbox is not in sync with the Podfile.lock. Run 'pod install' or update your CocoaPods installation.\" >&2\n    exit 1\nfi\n";
			showEnvVarsInLog = 0;
		};
		EA3E119DD584249B3D3D6723 /* [CP] Embed Pods Frameworks */ = {
			isa = PBXShellScriptBuildPhase;
			buildActionMask = 2147483647;
			files = (
			);
			inputPaths = (
			);
			name = "[CP] Embed Pods Frameworks";
			outputPaths = (
			);
			runOnlyForDeploymentPostprocessing = 0;
			shellPath = /bin/sh;
			shellScript = "\"${SRCROOT}/Pods/Target Support Files/Pods-Survey/Pods-Survey-frameworks.sh\"\n";
			showEnvVarsInLog = 0;
		};
/* End PBXShellScriptBuildPhase section */

/* Begin PBXSourcesBuildPhase section */
		12C72CA91E4065AE00578026 /* Sources */ = {
			isa = PBXSourcesBuildPhase;
			buildActionMask = 2147483647;
			files = (
				12C72CDE1E40962A00578026 /* SurveyViewController.m in Sources */,
				12C72CB51E4065AE00578026 /* AppDelegate.m in Sources */,
				12C72CB21E4065AE00578026 /* main.m in Sources */,
				12C72D031E40DC5A00578026 /* User+CoreDataClass.m in Sources */,
				12C72D021E40DC5A00578026 /* Survey+CoreDataProperties.m in Sources */,
				12C72D011E40DC5A00578026 /* Survey+CoreDataClass.m in Sources */,
				12C72D041E40DC5A00578026 /* User+CoreDataProperties.m in Sources */,
				12C72CE11E4099E000578026 /* Model.xcdatamodeld in Sources */,
			);
			runOnlyForDeploymentPostprocessing = 0;
		};
		12C72CC81E4065AE00578026 /* Sources */ = {
			isa = PBXSourcesBuildPhase;
			buildActionMask = 2147483647;
			files = (
				12C72CD11E4065AE00578026 /* SurveyTests.m in Sources */,
			);
			runOnlyForDeploymentPostprocessing = 0;
		};
/* End PBXSourcesBuildPhase section */

/* Begin PBXTargetDependency section */
		12C72CCE1E4065AE00578026 /* PBXTargetDependency */ = {
			isa = PBXTargetDependency;
			target = 12C72CAC1E4065AE00578026 /* Survey */;
			targetProxy = 12C72CCD1E4065AE00578026 /* PBXContainerItemProxy */;
		};
/* End PBXTargetDependency section */

/* Begin XCBuildConfiguration section */
		12C72CD31E4065AE00578026 /* Debug */ = {
			isa = XCBuildConfiguration;
			buildSettings = {
				ALWAYS_SEARCH_USER_PATHS = NO;
				CLANG_ANALYZER_NONNULL = YES;
				CLANG_CXX_LANGUAGE_STANDARD = "gnu++0x";
				CLANG_CXX_LIBRARY = "libc++";
				CLANG_ENABLE_MODULES = YES;
				CLANG_ENABLE_OBJC_ARC = YES;
				CLANG_WARN_BOOL_CONVERSION = YES;
				CLANG_WARN_CONSTANT_CONVERSION = YES;
				CLANG_WARN_DIRECT_OBJC_ISA_USAGE = YES_ERROR;
				CLANG_WARN_DOCUMENTATION_COMMENTS = YES;
				CLANG_WARN_EMPTY_BODY = YES;
				CLANG_WARN_ENUM_CONVERSION = YES;
				CLANG_WARN_INFINITE_RECURSION = YES;
				CLANG_WARN_INT_CONVERSION = YES;
				CLANG_WARN_OBJC_ROOT_CLASS = YES_ERROR;
				CLANG_WARN_SUSPICIOUS_MOVE = YES;
				CLANG_WARN_UNREACHABLE_CODE = YES;
				CLANG_WARN__DUPLICATE_METHOD_MATCH = YES;
				"CODE_SIGN_IDENTITY[sdk=iphoneos*]" = "iPhone Developer";
				COPY_PHASE_STRIP = NO;
				DEBUG_INFORMATION_FORMAT = dwarf;
				ENABLE_STRICT_OBJC_MSGSEND = YES;
				ENABLE_TESTABILITY = YES;
				GCC_C_LANGUAGE_STANDARD = gnu99;
				GCC_DYNAMIC_NO_PIC = NO;
				GCC_NO_COMMON_BLOCKS = YES;
				GCC_OPTIMIZATION_LEVEL = 0;
				GCC_PREPROCESSOR_DEFINITIONS = (
					"DEBUG=1",
					"$(inherited)",
				);
				GCC_WARN_64_TO_32_BIT_CONVERSION = YES;
				GCC_WARN_ABOUT_RETURN_TYPE = YES_ERROR;
				GCC_WARN_UNDECLARED_SELECTOR = YES;
				GCC_WARN_UNINITIALIZED_AUTOS = YES_AGGRESSIVE;
				GCC_WARN_UNUSED_FUNCTION = YES;
				GCC_WARN_UNUSED_VARIABLE = YES;
				IPHONEOS_DEPLOYMENT_TARGET = 10.2;
				MTL_ENABLE_DEBUG_INFO = YES;
				ONLY_ACTIVE_ARCH = YES;
				SDKROOT = iphoneos;
				TARGETED_DEVICE_FAMILY = "1,2";
			};
			name = Debug;
		};
		12C72CD41E4065AE00578026 /* Release */ = {
			isa = XCBuildConfiguration;
			buildSettings = {
				ALWAYS_SEARCH_USER_PATHS = NO;
				CLANG_ANALYZER_NONNULL = YES;
				CLANG_CXX_LANGUAGE_STANDARD = "gnu++0x";
				CLANG_CXX_LIBRARY = "libc++";
				CLANG_ENABLE_MODULES = YES;
				CLANG_ENABLE_OBJC_ARC = YES;
				CLANG_WARN_BOOL_CONVERSION = YES;
				CLANG_WARN_CONSTANT_CONVERSION = YES;
				CLANG_WARN_DIRECT_OBJC_ISA_USAGE = YES_ERROR;
				CLANG_WARN_DOCUMENTATION_COMMENTS = YES;
				CLANG_WARN_EMPTY_BODY = YES;
				CLANG_WARN_ENUM_CONVERSION = YES;
				CLANG_WARN_INFINITE_RECURSION = YES;
				CLANG_WARN_INT_CONVERSION = YES;
				CLANG_WARN_OBJC_ROOT_CLASS = YES_ERROR;
				CLANG_WARN_SUSPICIOUS_MOVE = YES;
				CLANG_WARN_UNREACHABLE_CODE = YES;
				CLANG_WARN__DUPLICATE_METHOD_MATCH = YES;
				"CODE_SIGN_IDENTITY[sdk=iphoneos*]" = "iPhone Developer";
				COPY_PHASE_STRIP = NO;
				DEBUG_INFORMATION_FORMAT = "dwarf-with-dsym";
				ENABLE_NS_ASSERTIONS = NO;
				ENABLE_STRICT_OBJC_MSGSEND = YES;
				GCC_C_LANGUAGE_STANDARD = gnu99;
				GCC_NO_COMMON_BLOCKS = YES;
				GCC_WARN_64_TO_32_BIT_CONVERSION = YES;
				GCC_WARN_ABOUT_RETURN_TYPE = YES_ERROR;
				GCC_WARN_UNDECLARED_SELECTOR = YES;
				GCC_WARN_UNINITIALIZED_AUTOS = YES_AGGRESSIVE;
				GCC_WARN_UNUSED_FUNCTION = YES;
				GCC_WARN_UNUSED_VARIABLE = YES;
				IPHONEOS_DEPLOYMENT_TARGET = 10.2;
				MTL_ENABLE_DEBUG_INFO = NO;
				SDKROOT = iphoneos;
				TARGETED_DEVICE_FAMILY = "1,2";
				VALIDATE_PRODUCT = YES;
			};
			name = Release;
		};
		12C72CD61E4065AE00578026 /* Debug */ = {
			isa = XCBuildConfiguration;
			baseConfigurationReference = 112C1851A0C86A4080ABD02A /* Pods-Survey.debug.xcconfig */;
			buildSettings = {
				ASSETCATALOG_COMPILER_APPICON_NAME = AppIcon;
				CLANG_ENABLE_MODULES = YES;
				GCC_PREFIX_HEADER = Survey/PrefixHeader.pch;
				INFOPLIST_FILE = Survey/Info.plist;
				IPHONEOS_DEPLOYMENT_TARGET = 9.0;
				LD_RUNPATH_SEARCH_PATHS = "$(inherited) @executable_path/Frameworks";
				PRODUCT_BUNDLE_IDENTIFIER = com.KSG.Survey;
				PRODUCT_NAME = "$(TARGET_NAME)";
				SWIFT_OPTIMIZATION_LEVEL = "-Onone";
				SWIFT_VERSION = 3.0;
			};
			name = Debug;
		};
		12C72CD71E4065AE00578026 /* Release */ = {
			isa = XCBuildConfiguration;
			baseConfigurationReference = A7FE636339024A65D6AAC03B /* Pods-Survey.release.xcconfig */;
			buildSettings = {
				ASSETCATALOG_COMPILER_APPICON_NAME = AppIcon;
				CLANG_ENABLE_MODULES = YES;
				GCC_PREFIX_HEADER = Survey/PrefixHeader.pch;
				INFOPLIST_FILE = Survey/Info.plist;
				IPHONEOS_DEPLOYMENT_TARGET = 9.0;
				LD_RUNPATH_SEARCH_PATHS = "$(inherited) @executable_path/Frameworks";
				PRODUCT_BUNDLE_IDENTIFIER = com.KSG.Survey;
				PRODUCT_NAME = "$(TARGET_NAME)";
				SWIFT_VERSION = 3.0;
			};
			name = Release;
		};
		12C72CD91E4065AE00578026 /* Debug */ = {
			isa = XCBuildConfiguration;
			buildSettings = {
				BUNDLE_LOADER = "$(TEST_HOST)";
				INFOPLIST_FILE = SurveyTests/Info.plist;
				LD_RUNPATH_SEARCH_PATHS = "$(inherited) @executable_path/Frameworks @loader_path/Frameworks";
				PRODUCT_BUNDLE_IDENTIFIER = com.KSG.SurveyTests;
				PRODUCT_NAME = "$(TARGET_NAME)";
				SWIFT_VERSION = 3.0;
				TEST_HOST = "$(BUILT_PRODUCTS_DIR)/Survey.app/Survey";
			};
			name = Debug;
		};
		12C72CDA1E4065AE00578026 /* Release */ = {
			isa = XCBuildConfiguration;
			buildSettings = {
				BUNDLE_LOADER = "$(TEST_HOST)";
				INFOPLIST_FILE = SurveyTests/Info.plist;
				LD_RUNPATH_SEARCH_PATHS = "$(inherited) @executable_path/Frameworks @loader_path/Frameworks";
				PRODUCT_BUNDLE_IDENTIFIER = com.KSG.SurveyTests;
				PRODUCT_NAME = "$(TARGET_NAME)";
				SWIFT_VERSION = 3.0;
				TEST_HOST = "$(BUILT_PRODUCTS_DIR)/Survey.app/Survey";
			};
			name = Release;
		};
/* End XCBuildConfiguration section */

/* Begin XCConfigurationList section */
		12C72CA81E4065AE00578026 /* Build configuration list for PBXProject "Survey" */ = {
			isa = XCConfigurationList;
			buildConfigurations = (
				12C72CD31E4065AE00578026 /* Debug */,
				12C72CD41E4065AE00578026 /* Release */,
			);
			defaultConfigurationIsVisible = 0;
			defaultConfigurationName = Release;
		};
		12C72CD51E4065AE00578026 /* Build configuration list for PBXNativeTarget "Survey" */ = {
			isa = XCConfigurationList;
			buildConfigurations = (
				12C72CD61E4065AE00578026 /* Debug */,
				12C72CD71E4065AE00578026 /* Release */,
			);
			defaultConfigurationIsVisible = 0;
			defaultConfigurationName = Release;
		};
		12C72CD81E4065AE00578026 /* Build configuration list for PBXNativeTarget "SurveyTests" */ = {
			isa = XCConfigurationList;
			buildConfigurations = (
				12C72CD91E4065AE00578026 /* Debug */,
				12C72CDA1E4065AE00578026 /* Release */,
			);
			defaultConfigurationIsVisible = 0;
			defaultConfigurationName = Release;
		};
/* End XCConfigurationList section */

/* Begin XCVersionGroup section */
		12C72CDF1E4099E000578026 /* Model.xcdatamodeld */ = {
			isa = XCVersionGroup;
			children = (
				12C72CE01E4099E000578026 /* Model.xcdatamodel */,
			);
			currentVersion = 12C72CE01E4099E000578026 /* Model.xcdatamodel */;
			path = Model.xcdatamodeld;
			sourceTree = "<group>";
			versionGroupType = wrapper.xcdatamodel;
		};
/* End XCVersionGroup section */
	};
	rootObject = 12C72CA51E4065AE00578026 /* Project object */;
}
